
Microsoft Visual Studio Solution File, Format Version 12.00
# Visual Studio Version 17
VisualStudioVersion = 17.13.35931.197 d17.13
MinimumVisualStudioVersion = 10.0.40219.1
Project("{FAE04EC0-301F-11D3-BF4B-00C04F79EFBC}") = "ToDo_List_Application", "ToDo_List_Application\ToDo_List_Application.csproj", "{A18B76C4-15C0-4203-A8B6-95B16F15D5A0}"
EndProject
Global
	GlobalSection(SolutionConfigurationPlatforms) = preSolution
		Debug|Any CPU = Debug|Any CPU
		Release|Any CPU = Release|Any CPU
	EndGlobalSection
	GlobalSection(ProjectConfigurationPlatforms) = postSolution
		{A18B76C4-15C0-4203-A8B6-95B16F15D5A0}.Debug|Any CPU.ActiveCfg = Debug|Any CPU
		{A18B76C4-15C0-4203-A8B6-95B16F15D5A0}.Debug|Any CPU.Build.0 = Debug|Any CPU
		{A18B76C4-15C0-4203-A8B6-95B16F15D5A0}.Release|Any CPU.ActiveCfg = Release|Any CPU
		{A18B76C4-15C0-4203-A8B6-95B16F15D5A0}.Release|Any CPU.Build.0 = Release|Any CPU
	EndGlobalSection
	GlobalSection(SolutionProperties) = preSolution
		HideSolutionNode = FALSE
	EndGlobalSection
	GlobalSection(ExtensibilityGlobals) = postSolution
		SolutionGuid = {AF5E413A-F0C0-4416-B1CE-F2AD9A28407C}
	EndGlobalSection
EndGlobal
