
Microsoft Visual Studio Solution File, Format Version 12.00
# Visual Studio Version 17
VisualStudioVersion = 17.13.35931.197 d17.13
MinimumVisualStudioVersion = 10.0.40219.1
Project("{FAE04EC0-301F-11D3-BF4B-00C04F79EFBC}") = "Simple_Quiz_App", "Simple_Quiz_App\Simple_Quiz_App.csproj", "{AAD246E6-9DA4-424E-A18A-5C5680E40480}"
EndProject
Global
	GlobalSection(SolutionConfigurationPlatforms) = preSolution
		Debug|Any CPU = Debug|Any CPU
		Release|Any CPU = Release|Any CPU
	EndGlobalSection
	GlobalSection(ProjectConfigurationPlatforms) = postSolution
		{AAD246E6-9DA4-424E-A18A-5C5680E40480}.Debug|Any CPU.ActiveCfg = Debug|Any CPU
		{AAD246E6-9DA4-424E-A18A-5C5680E40480}.Debug|Any CPU.Build.0 = Debug|Any CPU
		{AAD246E6-9DA4-424E-A18A-5C5680E40480}.Release|Any CPU.ActiveCfg = Release|Any CPU
		{AAD246E6-9DA4-424E-A18A-5C5680E40480}.Release|Any CPU.Build.0 = Release|Any CPU
	EndGlobalSection
	GlobalSection(SolutionProperties) = preSolution
		HideSolutionNode = FALSE
	EndGlobalSection
	GlobalSection(ExtensibilityGlobals) = postSolution
		SolutionGuid = {C17657F1-904F-43E4-A692-F5A093F19BCA}
	EndGlobalSection
EndGlobal
