
Microsoft Visual Studio Solution File, Format Version 12.00
# Visual Studio Version 17
VisualStudioVersion = 17.13.35931.197 d17.13
MinimumVisualStudioVersion = 10.0.40219.1
Project("{FAE04EC0-301F-11D3-BF4B-00C04F79EFBC}") = "oop_Vehicle_Hierarchy_System", "oop_Vehicle_Hierarchy_System\oop_Vehicle_Hierarchy_System.csproj", "{4FDCBAE5-5BFF-4682-AE25-590650BD01FC}"
EndProject
Global
	GlobalSection(SolutionConfigurationPlatforms) = preSolution
		Debug|Any CPU = Debug|Any CPU
		Release|Any CPU = Release|Any CPU
	EndGlobalSection
	GlobalSection(ProjectConfigurationPlatforms) = postSolution
		{4FDCBAE5-5BFF-4682-AE25-590650BD01FC}.Debug|Any CPU.ActiveCfg = Debug|Any CPU
		{4FDCBAE5-5BFF-4682-AE25-590650BD01FC}.Debug|Any CPU.Build.0 = Debug|Any CPU
		{4FDCBAE5-5BFF-4682-AE25-590650BD01FC}.Release|Any CPU.ActiveCfg = Release|Any CPU
		{4FDCBAE5-5BFF-4682-AE25-590650BD01FC}.Release|Any CPU.Build.0 = Release|Any CPU
	EndGlobalSection
	GlobalSection(SolutionProperties) = preSolution
		HideSolutionNode = FALSE
	EndGlobalSection
	GlobalSection(ExtensibilityGlobals) = postSolution
		SolutionGuid = {5C544B4C-8ACA-4E2C-BE48-8D4043A748A8}
	EndGlobalSection
EndGlobal
