
Microsoft Visual Studio Solution File, Format Version 12.00
# Visual Studio Version 17
VisualStudioVersion = 17.13.35931.197 d17.13
MinimumVisualStudioVersion = 10.0.40219.1
Project("{FAE04EC0-301F-11D3-BF4B-00C04F79EFBC}") = "EmployeeOOP", "EmployeeOOP\EmployeeOOP.csproj", "{2675F154-9FF5-4718-8CF5-C1004A2BED36}"
EndProject
Global
	GlobalSection(SolutionConfigurationPlatforms) = preSolution
		Debug|Any CPU = Debug|Any CPU
		Release|Any CPU = Release|Any CPU
	EndGlobalSection
	GlobalSection(ProjectConfigurationPlatforms) = postSolution
		{2675F154-9FF5-4718-8CF5-C1004A2BED36}.Debug|Any CPU.ActiveCfg = Debug|Any CPU
		{2675F154-9FF5-4718-8CF5-C1004A2BED36}.Debug|Any CPU.Build.0 = Debug|Any CPU
		{2675F154-9FF5-4718-8CF5-C1004A2BED36}.Release|Any CPU.ActiveCfg = Release|Any CPU
		{2675F154-9FF5-4718-8CF5-C1004A2BED36}.Release|Any CPU.Build.0 = Release|Any CPU
	EndGlobalSection
	GlobalSection(SolutionProperties) = preSolution
		HideSolutionNode = FALSE
	EndGlobalSection
	GlobalSection(ExtensibilityGlobals) = postSolution
		SolutionGuid = {DF2BF830-1FEA-4DCC-965C-C294A7D37610}
	EndGlobalSection
EndGlobal
