
Microsoft Visual Studio Solution File, Format Version 12.00
# Visual Studio Version 17
VisualStudioVersion = 17.13.35931.197 d17.13
MinimumVisualStudioVersion = 10.0.40219.1
Project("{FAE04EC0-301F-11D3-BF4B-00C04F79EFBC}") = "Student_Grade_Management_System", "Student_Grade_Management_System\Student_Grade_Management_System.csproj", "{6B0476FC-3965-4065-A1A4-DF1B89CAA284}"
EndProject
Global
	GlobalSection(SolutionConfigurationPlatforms) = preSolution
		Debug|Any CPU = Debug|Any CPU
		Release|Any CPU = Release|Any CPU
	EndGlobalSection
	GlobalSection(ProjectConfigurationPlatforms) = postSolution
		{6B0476FC-3965-4065-A1A4-DF1B89CAA284}.Debug|Any CPU.ActiveCfg = Debug|Any CPU
		{6B0476FC-3965-4065-A1A4-DF1B89CAA284}.Debug|Any CPU.Build.0 = Debug|Any CPU
		{6B0476FC-3965-4065-A1A4-DF1B89CAA284}.Release|Any CPU.ActiveCfg = Release|Any CPU
		{6B0476FC-3965-4065-A1A4-DF1B89CAA284}.Release|Any CPU.Build.0 = Release|Any CPU
	EndGlobalSection
	GlobalSection(SolutionProperties) = preSolution
		HideSolutionNode = FALSE
	EndGlobalSection
	GlobalSection(ExtensibilityGlobals) = postSolution
		SolutionGuid = {4717904E-5169-464F-869D-2B6EDC1C8630}
	EndGlobalSection
EndGlobal
