
Microsoft Visual Studio Solution File, Format Version 12.00
# Visual Studio Version 17
VisualStudioVersion = 17.13.35931.197 d17.13
MinimumVisualStudioVersion = 10.0.40219.1
Project("{FAE04EC0-301F-11D3-BF4B-00C04F79EFBC}") = "Date_Management_System", "Date_Management_System\Date_Management_System.csproj", "{99378314-0028-4721-A172-6A1535D71072}"
EndProject
Global
	GlobalSection(SolutionConfigurationPlatforms) = preSolution
		Debug|Any CPU = Debug|Any CPU
		Release|Any CPU = Release|Any CPU
	EndGlobalSection
	GlobalSection(ProjectConfigurationPlatforms) = postSolution
		{99378314-0028-4721-A172-6A1535D71072}.Debug|Any CPU.ActiveCfg = Debug|Any CPU
		{99378314-0028-4721-A172-6A1535D71072}.Debug|Any CPU.Build.0 = Debug|Any CPU
		{99378314-0028-4721-A172-6A1535D71072}.Release|Any CPU.ActiveCfg = Release|Any CPU
		{99378314-0028-4721-A172-6A1535D71072}.Release|Any CPU.Build.0 = Release|Any CPU
	EndGlobalSection
	GlobalSection(SolutionProperties) = preSolution
		HideSolutionNode = FALSE
	EndGlobalSection
	GlobalSection(ExtensibilityGlobals) = postSolution
		SolutionGuid = {66175FDC-96E4-446F-9ABB-95E0E396F400}
	EndGlobalSection
EndGlobal
