
Microsoft Visual Studio Solution File, Format Version 12.00
# Visual Studio Version 17
VisualStudioVersion = 17.13.35931.197 d17.13
MinimumVisualStudioVersion = 10.0.40219.1
Project("{FAE04EC0-301F-11D3-BF4B-00C04F79EFBC}") = "Library_Book_Borrowing_System", "Library_Book_Borrowing_System\Library_Book_Borrowing_System.csproj", "{D73A9119-E833-41A3-80D0-58DF2CFAB83D}"
EndProject
Global
	GlobalSection(SolutionConfigurationPlatforms) = preSolution
		Debug|Any CPU = Debug|Any CPU
		Release|Any CPU = Release|Any CPU
	EndGlobalSection
	GlobalSection(ProjectConfigurationPlatforms) = postSolution
		{D73A9119-E833-41A3-80D0-58DF2CFAB83D}.Debug|Any CPU.ActiveCfg = Debug|Any CPU
		{D73A9119-E833-41A3-80D0-58DF2CFAB83D}.Debug|Any CPU.Build.0 = Debug|Any CPU
		{D73A9119-E833-41A3-80D0-58DF2CFAB83D}.Release|Any CPU.ActiveCfg = Release|Any CPU
		{D73A9119-E833-41A3-80D0-58DF2CFAB83D}.Release|Any CPU.Build.0 = Release|Any CPU
	EndGlobalSection
	GlobalSection(SolutionProperties) = preSolution
		HideSolutionNode = FALSE
	EndGlobalSection
	GlobalSection(ExtensibilityGlobals) = postSolution
		SolutionGuid = {EB4238C0-401C-47C9-8AEA-1483E2C9EBE5}
	EndGlobalSection
EndGlobal
