
Microsoft Visual Studio Solution File, Format Version 12.00
# Visual Studio Version 17
VisualStudioVersion = 17.13.35931.197 d17.13
MinimumVisualStudioVersion = 10.0.40219.1
Project("{FAE04EC0-301F-11D3-BF4B-00C04F79EFBC}") = "SalarySystem", "SalarySystem\SalarySystem.csproj", "{EF60900A-ADB7-4629-8CF6-77DC215DECCF}"
EndProject
Global
	GlobalSection(SolutionConfigurationPlatforms) = preSolution
		Debug|Any CPU = Debug|Any CPU
		Release|Any CPU = Release|Any CPU
	EndGlobalSection
	GlobalSection(ProjectConfigurationPlatforms) = postSolution
		{EF60900A-ADB7-4629-8CF6-77DC215DECCF}.Debug|Any CPU.ActiveCfg = Debug|Any CPU
		{EF60900A-ADB7-4629-8CF6-77DC215DECCF}.Debug|Any CPU.Build.0 = Debug|Any CPU
		{EF60900A-ADB7-4629-8CF6-77DC215DECCF}.Release|Any CPU.ActiveCfg = Release|Any CPU
		{EF60900A-ADB7-4629-8CF6-77DC215DECCF}.Release|Any CPU.Build.0 = Release|Any CPU
	EndGlobalSection
	GlobalSection(SolutionProperties) = preSolution
		HideSolutionNode = FALSE
	EndGlobalSection
	GlobalSection(ExtensibilityGlobals) = postSolution
		SolutionGuid = {27D99883-8226-4DDB-BA80-7509CC46BF73}
	EndGlobalSection
EndGlobal
